
Microsoft Visual Studio Solution File, Format Version 12.00
# Visual Studio Version 16
VisualStudioVersion = 25.0.1700.5
MinimumVisualStudioVersion = 10.0.40219.1
Project("{FAE04EC0-301F-11D3-BF4B-00C04F79EFBC}") = "T04-Ejercicio18", "T04-Ejercicio18.csproj", "{3F120F58-EC9B-4A82-9C5B-54C688C21C42}"
EndProject
Global
	GlobalSection(SolutionConfigurationPlatforms) = preSolution
		Debug|Any CPU = Debug|Any CPU
		Release|Any CPU = Release|Any CPU
	EndGlobalSection
	GlobalSection(ProjectConfigurationPlatforms) = postSolution
		{3F120F58-EC9B-4A82-9C5B-54C688C21C42}.Debug|Any CPU.ActiveCfg = Debug|Any CPU
		{3F120F58-EC9B-4A82-9C5B-54C688C21C42}.Debug|Any CPU.Build.0 = Debug|Any CPU
		{3F120F58-EC9B-4A82-9C5B-54C688C21C42}.Release|Any CPU.ActiveCfg = Release|Any CPU
		{3F120F58-EC9B-4A82-9C5B-54C688C21C42}.Release|Any CPU.Build.0 = Release|Any CPU
	EndGlobalSection
	GlobalSection(SolutionProperties) = preSolution
		HideSolutionNode = FALSE
	EndGlobalSection
	GlobalSection(ExtensibilityGlobals) = postSolution
		SolutionGuid = {74D1A3F6-D1DE-4B5E-8736-D79BA139D2E6}
	EndGlobalSection
EndGlobal
